// !$*UTF8*$!
{
	archiveVersion = 1;
	classes = {
	};
	objectVersion = 50;
	objects = {

/* Begin PBXBuildFile section */
		382074BE221159B80052AB51 /* AppDelegate.swift in Sources */ = {isa = PBXBuildFile; fileRef = 382074BD221159B80052AB51 /* AppDelegate.swift */; };
		382074C0221159B80052AB51 /* ViewController.swift in Sources */ = {isa = PBXBuildFile; fileRef = 382074BF221159B80052AB51 /* ViewController.swift */; };
		382074C3221159B80052AB51 /* Main.storyboard in Resources */ = {isa = PBXBuildFile; fileRef = 382074C1221159B80052AB51 /* Main.storyboard */; };
		382074C5221159BA0052AB51 /* Assets.xcassets in Resources */ = {isa = PBXBuildFile; fileRef = 382074C4221159BA0052AB51 /* Assets.xcassets */; };
		382074C8221159BA0052AB51 /* LaunchScreen.storyboard in Resources */ = {isa = PBXBuildFile; fileRef = 382074C6221159BA0052AB51 /* LaunchScreen.storyboard */; };
		3820750322116BCD0052AB51 /* Pager.framework in Frameworks */ = {isa = PBXBuildFile; fileRef = 3820750222116BCD0052AB51 /* Pager.framework */; };
		3820750622116DF00052AB51 /* PageDetailViewController.swift in Sources */ = {isa = PBXBuildFile; fileRef = 3820750422116DF00052AB51 /* PageDetailViewController.swift */; };
		3820750722116DF00052AB51 /* Demo.storyboard in Resources */ = {isa = PBXBuildFile; fileRef = 3820750522116DF00052AB51 /* Demo.storyboard */; };
/* End PBXBuildFile section */

/* Begin PBXFileReference section */
		382074BA221159B80052AB51 /* PagerExampleApp.app */ = {isa = PBXFileReference; explicitFileType = wrapper.application; includeInIndex = 0; path = PagerExampleApp.app; sourceTree = BUILT_PRODUCTS_DIR; };
		382074BD221159B80052AB51 /* AppDelegate.swift */ = {isa = PBXFileReference; lastKnownFileType = sourcecode.swift; path = AppDelegate.swift; sourceTree = "<group>"; };
		382074BF221159B80052AB51 /* ViewController.swift */ = {isa = PBXFileReference; lastKnownFileType = sourcecode.swift; path = ViewController.swift; sourceTree = "<group>"; };
		382074C2221159B80052AB51 /* Base */ = {isa = PBXFileReference; lastKnownFileType = file.storyboard; name = Base; path = Base.lproj/Main.storyboard; sourceTree = "<group>"; };
		382074C4221159BA0052AB51 /* Assets.xcassets */ = {isa = PBXFileReference; lastKnownFileType = folder.assetcatalog; path = Assets.xcassets; sourceTree = "<group>"; };
		382074C7221159BA0052AB51 /* Base */ = {isa = PBXFileReference; lastKnownFileType = file.storyboard; name = Base; path = Base.lproj/LaunchScreen.storyboard; sourceTree = "<group>"; };
		382074C9221159BA0052AB51 /* Info.plist */ = {isa = PBXFileReference; lastKnownFileType = text.plist.xml; path = Info.plist; sourceTree = "<group>"; };
		3820750222116BCD0052AB51 /* Pager.framework */ = {isa = PBXFileReference; explicitFileType = wrapper.framework; path = Pager.framework; sourceTree = BUILT_PRODUCTS_DIR; };
		3820750422116DF00052AB51 /* PageDetailViewController.swift */ = {isa = PBXFileReference; fileEncoding = 4; lastKnownFileType = sourcecode.swift; name = PageDetailViewController.swift; path = ../../Pager/Example/PageDetailViewController.swift; sourceTree = "<group>"; };
		3820750522116DF00052AB51 /* Demo.storyboard */ = {isa = PBXFileReference; fileEncoding = 4; lastKnownFileType = file.storyboard; name = Demo.storyboard; path = ../../Pager/Example/Demo.storyboard; sourceTree = "<group>"; };
/* End PBXFileReference section */

/* Begin PBXFrameworksBuildPhase section */
		382074B7221159B80052AB51 /* Frameworks */ = {
			isa = PBXFrameworksBuildPhase;
			buildActionMask = 2147483647;
			files = (
				3820750322116BCD0052AB51 /* Pager.framework in Frameworks */,
			);
			runOnlyForDeploymentPostprocessing = 0;
		};
/* End PBXFrameworksBuildPhase section */

/* Begin PBXGroup section */
		382074B1221159B80052AB51 = {
			isa = PBXGroup;
			children = (
				382074BC221159B80052AB51 /* PagerExampleApp */,
				382074BB221159B80052AB51 /* Products */,
				3820750122116BCD0052AB51 /* Frameworks */,
			);
			sourceTree = "<group>";
		};
		382074BB221159B80052AB51 /* Products */ = {
			isa = PBXGroup;
			children = (
				382074BA221159B80052AB51 /* PagerExampleApp.app */,
			);
			name = Products;
			sourceTree = "<group>";
		};
		382074BC221159B80052AB51 /* PagerExampleApp */ = {
			isa = PBXGroup;
			children = (
				382074BD221159B80052AB51 /* AppDelegate.swift */,
				382074BF221159B80052AB51 /* ViewController.swift */,
				3820750522116DF00052AB51 /* Demo.storyboard */,
				3820750422116DF00052AB51 /* PageDetailViewController.swift */,
				382074C1221159B80052AB51 /* Main.storyboard */,
				382074C4221159BA0052AB51 /* Assets.xcassets */,
				382074C6221159BA0052AB51 /* LaunchScreen.storyboard */,
				382074C9221159BA0052AB51 /* Info.plist */,
			);
			path = PagerExampleApp;
			sourceTree = "<group>";
		};
		3820750122116BCD0052AB51 /* Frameworks */ = {
			isa = PBXGroup;
			children = (
				3820750222116BCD0052AB51 /* Pager.framework */,
			);
			name = Frameworks;
			sourceTree = "<group>";
		};
/* End PBXGroup section */

/* Begin PBXNativeTarget section */
		382074B9221159B80052AB51 /* PagerExampleApp */ = {
			isa = PBXNativeTarget;
			buildConfigurationList = 382074CC221159BA0052AB51 /* Build configuration list for PBXNativeTarget "PagerExampleApp" */;
			buildPhases = (
				382074B6221159B80052AB51 /* Sources */,
				382074B7221159B80052AB51 /* Frameworks */,
				382074B8221159B80052AB51 /* Resources */,
			);
			buildRules = (
			);
			dependencies = (
			);
			name = PagerExampleApp;
			productName = PagerExampleApp;
			productReference = 382074BA221159B80052AB51 /* PagerExampleApp.app */;
			productType = "com.apple.product-type.application";
		};
/* End PBXNativeTarget section */

/* Begin PBXProject section */
		382074B2221159B80052AB51 /* Project object */ = {
			isa = PBXProject;
			attributes = {
				LastSwiftUpdateCheck = 1010;
				LastUpgradeCheck = 1010;
				ORGANIZATIONNAME = "We Are Mobile First";
				TargetAttributes = {
					382074B9221159B80052AB51 = {
						CreatedOnToolsVersion = 10.1;
					};
				};
			};
			buildConfigurationList = 382074B5221159B80052AB51 /* Build configuration list for PBXProject "PagerExampleApp" */;
			compatibilityVersion = "Xcode 9.3";
			developmentRegion = en;
			hasScannedForEncodings = 0;
			knownRegions = (
				en,
				Base,
			);
			mainGroup = 382074B1221159B80052AB51;
			productRefGroup = 382074BB221159B80052AB51 /* Products */;
			projectDirPath = "";
			projectRoot = "";
			targets = (
				382074B9221159B80052AB51 /* PagerExampleApp */,
			);
		};
/* End PBXProject section */

/* Begin PBXResourcesBuildPhase section */
		382074B8221159B80052AB51 /* Resources */ = {
			isa = PBXResourcesBuildPhase;
			buildActionMask = 2147483647;
			files = (
				382074C8221159BA0052AB51 /* LaunchScreen.storyboard in Resources */,
				382074C5221159BA0052AB51 /* Assets.xcassets in Resources */,
				382074C3221159B80052AB51 /* Main.storyboard in Resources */,
				3820750722116DF00052AB51 /* Demo.storyboard in Resources */,
			);
			runOnlyForDeploymentPostprocessing = 0;
		};
/* End PBXResourcesBuildPhase section */

/* Begin PBXSourcesBuildPhase section */
		382074B6221159B80052AB51 /* Sources */ = {
			isa = PBXSourcesBuildPhase;
			buildActionMask = 2147483647;
			files = (
				3820750622116DF00052AB51 /* PageDetailViewController.swift in Sources */,
				382074C0221159B80052AB51 /* ViewController.swift in Sources */,
				382074BE221159B80052AB51 /* AppDelegate.swift in Sources */,
			);
			runOnlyForDeploymentPostprocessing = 0;
		};
/* End PBXSourcesBuildPhase section */

/* Begin PBXVariantGroup section */
		382074C1221159B80052AB51 /* Main.storyboard */ = {
			isa = PBXVariantGroup;
			children = (
				382074C2221159B80052AB51 /* Base */,
			);
			name = Main.storyboard;
			sourceTree = "<group>";
		};
		382074C6221159BA0052AB51 /* LaunchScreen.storyboard */ = {
			isa = PBXVariantGroup;
			children = (
				382074C7221159BA0052AB51 /* Base */,
			);
			name = LaunchScreen.storyboard;
			sourceTree = "<group>";
		};
/* End PBXVariantGroup section */

/* Begin XCBuildConfiguration section */
		382074CA221159BA0052AB51 /* Debug */ = {
			isa = XCBuildConfiguration;
			buildSettings = {
				ALWAYS_SEARCH_USER_PATHS = NO;
				CLANG_ANALYZER_NONNULL = YES;
				CLANG_ANALYZER_NUMBER_OBJECT_CONVERSION = YES_AGGRESSIVE;
				CLANG_CXX_LANGUAGE_STANDARD = "gnu++14";
				CLANG_CXX_LIBRARY = "libc++";
				CLANG_ENABLE_MODULES = YES;
				CLANG_ENABLE_OBJC_ARC = YES;
				CLANG_ENABLE_OBJC_WEAK = YES;
				CLANG_WARN_BLOCK_CAPTURE_AUTORELEASING = YES;
				CLANG_WARN_BOOL_CONVERSION = YES;
				CLANG_WARN_COMMA = YES;
				CLANG_WARN_CONSTANT_CONVERSION = YES;
				CLANG_WARN_DEPRECATED_OBJC_IMPLEMENTATIONS = YES;
				CLANG_WARN_DIRECT_OBJC_ISA_USAGE = YES_ERROR;
				CLANG_WARN_DOCUMENTATION_COMMENTS = YES;
				CLANG_WARN_EMPTY_BODY = YES;
				CLANG_WARN_ENUM_CONVERSION = YES;
				CLANG_WARN_INFINITE_RECURSION = YES;
				CLANG_WARN_INT_CONVERSION = YES;
				CLANG_WARN_NON_LITERAL_NULL_CONVERSION = YES;
				CLANG_WARN_OBJC_IMPLICIT_RETAIN_SELF = YES;
				CLANG_WARN_OBJC_LITERAL_CONVERSION = YES;
				CLANG_WARN_OBJC_ROOT_CLASS = YES_ERROR;
				CLANG_WARN_RANGE_LOOP_ANALYSIS = YES;
				CLANG_WARN_STRICT_PROTOTYPES = YES;
				CLANG_WARN_SUSPICIOUS_MOVE = YES;
				CLANG_WARN_UNGUARDED_AVAILABILITY = YES_AGGRESSIVE;
				CLANG_WARN_UNREACHABLE_CODE = YES;
				CLANG_WARN__DUPLICATE_METHOD_MATCH = YES;
				CODE_SIGN_IDENTITY = "iPhone Developer";
				COPY_PHASE_STRIP = NO;
				DEBUG_INFORMATION_FORMAT = dwarf;
				ENABLE_STRICT_OBJC_MSGSEND = YES;
				ENABLE_TESTABILITY = YES;
				GCC_C_LANGUAGE_STANDARD = gnu11;
				GCC_DYNAMIC_NO_PIC = NO;
				GCC_NO_COMMON_BLOCKS = YES;
				GCC_OPTIMIZATION_LEVEL = 0;
				GCC_PREPROCESSOR_DEFINITIONS = (
					"DEBUG=1",
					"$(inherited)",
				);
				GCC_WARN_64_TO_32_BIT_CONVERSION = YES;
				GCC_WARN_ABOUT_RETURN_TYPE = YES_ERROR;
				GCC_WARN_UNDECLARED_SELECTOR = YES;
				GCC_WARN_UNINITIALIZED_AUTOS = YES_AGGRESSIVE;
				GCC_WARN_UNUSED_FUNCTION = YES;
				GCC_WARN_UNUSED_VARIABLE = YES;
				IPHONEOS_DEPLOYMENT_TARGET = 12.1;
				MTL_ENABLE_DEBUG_INFO = INCLUDE_SOURCE;
				MTL_FAST_MATH = YES;
				ONLY_ACTIVE_ARCH = YES;
				SDKROOT = iphoneos;
				SWIFT_ACTIVE_COMPILATION_CONDITIONS = DEBUG;
				SWIFT_OPTIMIZATION_LEVEL = "-Onone";
			};
			name = Debug;
		};
		382074CB221159BA0052AB51 /* Release */ = {
			isa = XCBuildConfiguration;
			buildSettings = {
				ALWAYS_SEARCH_USER_PATHS = NO;
				CLANG_ANALYZER_NONNULL = YES;
				CLANG_ANALYZER_NUMBER_OBJECT_CONVERSION = YES_AGGRESSIVE;
				CLANG_CXX_LANGUAGE_STANDARD = "gnu++14";
				CLANG_CXX_LIBRARY = "libc++";
				CLANG_ENABLE_MODULES = YES;
				CLANG_ENABLE_OBJC_ARC = YES;
				CLANG_ENABLE_OBJC_WEAK = YES;
				CLANG_WARN_BLOCK_CAPTURE_AUTORELEASING = YES;
				CLANG_WARN_BOOL_CONVERSION = YES;
				CLANG_WARN_COMMA = YES;
				CLANG_WARN_CONSTANT_CONVERSION = YES;
				CLANG_WARN_DEPRECATED_OBJC_IMPLEMENTATIONS = YES;
				CLANG_WARN_DIRECT_OBJC_ISA_USAGE = YES_ERROR;
				CLANG_WARN_DOCUMENTATION_COMMENTS = YES;
				CLANG_WARN_EMPTY_BODY = YES;
				CLANG_WARN_ENUM_CONVERSION = YES;
				CLANG_WARN_INFINITE_RECURSION = YES;
				CLANG_WARN_INT_CONVERSION = YES;
				CLANG_WARN_NON_LITERAL_NULL_CONVERSION = YES;
				CLANG_WARN_OBJC_IMPLICIT_RETAIN_SELF = YES;
				CLANG_WARN_OBJC_LITERAL_CONVERSION = YES;
				CLANG_WARN_OBJC_ROOT_CLASS = YES_ERROR;
				CLANG_WARN_RANGE_LOOP_ANALYSIS = YES;
				CLANG_WARN_STRICT_PROTOTYPES = YES;
				CLANG_WARN_SUSPICIOUS_MOVE = YES;
				CLANG_WARN_UNGUARDED_AVAILABILITY = YES_AGGRESSIVE;
				CLANG_WARN_UNREACHABLE_CODE = YES;
				CLANG_WARN__DUPLICATE_METHOD_MATCH = YES;
				CODE_SIGN_IDENTITY = "iPhone Developer";
				COPY_PHASE_STRIP = NO;
				DEBUG_INFORMATION_FORMAT = "dwarf-with-dsym";
				ENABLE_NS_ASSERTIONS = NO;
				ENABLE_STRICT_OBJC_MSGSEND = YES;
				GCC_C_LANGUAGE_STANDARD = gnu11;
				GCC_NO_COMMON_BLOCKS = YES;
				GCC_WARN_64_TO_32_BIT_CONVERSION = YES;
				GCC_WARN_ABOUT_RETURN_TYPE = YES_ERROR;
				GCC_WARN_UNDECLARED_SELECTOR = YES;
				GCC_WARN_UNINITIALIZED_AUTOS = YES_AGGRESSIVE;
				GCC_WARN_UNUSED_FUNCTION = YES;
				GCC_WARN_UNUSED_VARIABLE = YES;
				IPHONEOS_DEPLOYMENT_TARGET = 12.1;
				MTL_ENABLE_DEBUG_INFO = NO;
				MTL_FAST_MATH = YES;
				SDKROOT = iphoneos;
				SWIFT_COMPILATION_MODE = wholemodule;
				SWIFT_OPTIMIZATION_LEVEL = "-O";
				VALIDATE_PRODUCT = YES;
			};
			name = Release;
		};
		382074CD221159BA0052AB51 /* Debug */ = {
			isa = XCBuildConfiguration;
			buildSettings = {
				ASSETCATALOG_COMPILER_APPICON_NAME = AppIcon;
				CODE_SIGN_STYLE = Automatic;
				INFOPLIST_FILE = PagerExampleApp/Info.plist;
				LD_RUNPATH_SEARCH_PATHS = (
					"$(inherited)",
					"@executable_path/Frameworks",
				);
				PRODUCT_BUNDLE_IDENTIFIER = com.wearemobilefirst.PagerExampleApp;
				PRODUCT_NAME = "$(TARGET_NAME)";
				SWIFT_VERSION = 4.2;
				TARGETED_DEVICE_FAMILY = "1,2";
			};
			name = Debug;
		};
		382074CE221159BA0052AB51 /* Release */ = {
			isa = XCBuildConfiguration;
			buildSettings = {
				ASSETCATALOG_COMPILER_APPICON_NAME = AppIcon;
				CODE_SIGN_STYLE = Automatic;
				INFOPLIST_FILE = PagerExampleApp/Info.plist;
				LD_RUNPATH_SEARCH_PATHS = (
					"$(inherited)",
					"@executable_path/Frameworks",
				);
				PRODUCT_BUNDLE_IDENTIFIER = com.wearemobilefirst.PagerExampleApp;
				PRODUCT_NAME = "$(TARGET_NAME)";
				SWIFT_VERSION = 4.2;
				TARGETED_DEVICE_FAMILY = "1,2";
			};
			name = Release;
		};
/* End XCBuildConfiguration section */

/* Begin XCConfigurationList section */
		382074B5221159B80052AB51 /* Build configuration list for PBXProject "PagerExampleApp" */ = {
			isa = XCConfigurationList;
			buildConfigurations = (
				382074CA221159BA0052AB51 /* Debug */,
				382074CB221159BA0052AB51 /* Release */,
			);
			defaultConfigurationIsVisible = 0;
			defaultConfigurationName = Release;
		};
		382074CC221159BA0052AB51 /* Build configuration list for PBXNativeTarget "PagerExampleApp" */ = {
			isa = XCConfigurationList;
			buildConfigurations = (
				382074CD221159BA0052AB51 /* Debug */,
				382074CE221159BA0052AB51 /* Release */,
			);
			defaultConfigurationIsVisible = 0;
			defaultConfigurationName = Release;
		};
/* End XCConfigurationList section */
	};
	rootObject = 382074B2221159B80052AB51 /* Project object */;
}
